{
  "name": "@f1stnpm2/voluptatum-minus-doloribus",
  "version": "1.0.0",
  "lockfileVersion": 3,
  "requires": true,
  "packages": {
    "": {
      "name": "@f1stnpm2/voluptatum-minus-doloribus",
      "version": "1.0.0",
      "license": "MIT",
      "dependencies": {
        "@dfgyhujk7npm/ex-asperiores-dicta-temporibus": "^1.0.0",
        "@dfgyhujk7npm/modi-blanditiis-provident-voluptas": "^1.0.0",
        "@dfgyhujk7npm/veritatis-soluta-recusandae-officiis": "^1.0.0",
        "@f1stnpm/corporis-velit-deleniti-temporibus": "^1.0.0",
        "@f1stnpm/dolor-officia-est-asperiores": "^1.0.0",
        "@f1stnpm/ea-sunt-delectus-nihil": "^1.0.0",
        "@f1stnpm/eius-ab-blanditiis-voluptas": "^1.0.0",
        "@f1stnpm/molestias-sint-cupiditate-illum": "^1.0.0",
        "@f1stnpm/repellat-eveniet-pariatur-voluptas": "^1.0.0",
        "@f1stnpm/tenetur-dicta-praesentium-explicabo": "^1.0.0",
        "@f1stnpm/vitae-blanditiis-sint-tempore": "^1.0.0",
        "@rtyughnnpm/molestiae-accusamus-minima-vitae": "^1.0.0"
      }
    },
    "node_modules/@dfgyhujk7npm/ex-asperiores-dicta-temporibus": {
      "version": "1.0.0",
      "resolved": "https://registry.npmjs.org/@dfgyhujk7npm/ex-asperiores-dicta-temporibus/-/ex-asperiores-dicta-temporibus-1.0.0.tgz",
      "integrity": "sha512-vtEz7awRQx6p8fsS7sRJqn9b15vsmpUm2L/z763pyxKB/5ttv481+boVBbE9X1/qBPtZljcK/7F8swcPyRf3eQ==",
      "dependencies": {
        "@f1stnpm2/placeat-commodi-cumque-non": "^1.0.0",
        "@f1stnpm2/ut-numquam-doloremque-sequi": "^1.0.0"
      }
    },
    "node_modules/@dfgyhujk7npm/modi-blanditiis-provident-voluptas": {
      "version": "1.0.0",
      "resolved": "https://registry.npmjs.org/@dfgyhujk7npm/modi-blanditiis-provident-voluptas/-/modi-blanditiis-provident-voluptas-1.0.0.tgz",
      "integrity": "sha512-8k8Fyg9j7HEYeIGx3MMe2jj/FfXd7fvfuXICg7AJpRQzaasNOJnWH8nUfkxqFlBlUQNN/sJyDCfsW+WBK6Wl0A==",
      "dependencies": {
        "@f1stnpm2/placeat-commodi-cumque-non": "^1.0.0",
        "@f1stnpm2/ut-numquam-doloremque-sequi": "^1.0.0"
      }
    },
    "node_modules/@dfgyhujk7npm/veritatis-soluta-recusandae-officiis": {
      "version": "1.0.0",
      "resolved": "https://registry.npmjs.org/@dfgyhujk7npm/veritatis-soluta-recusandae-officiis/-/veritatis-soluta-recusandae-officiis-1.0.0.tgz",
      "integrity": "sha512-v7R6eFpRBH+pgjRB+VrCW3/HSIjccRqskytFtL/t6ax8rXTmJGUHTKqVrsFL3nnI3rSehGnBhihSpXik4IuE2Q==",
      "dependencies": {
        "@f1stnpm2/placeat-commodi-cumque-non": "^1.0.0",
        "@f1stnpm2/ut-numquam-doloremque-sequi": "^1.0.0"
      }
    },
    "node_modules/@diahkomalasarinpm/consectetur-ad-repudiandae-delectus": {
      "version": "1.0.0",
      "resolved": "https://registry.npmjs.org/@diahkomalasarinpm/consectetur-ad-repudiandae-delectus/-/consectetur-ad-repudiandae-delectus-1.0.0.tgz",
      "integrity": "sha512-XBTeNn+36m0sWTx5IfBeCsuzPlFpP+XIkksco5a+kOUSHNrBI/G5AykAxamSfYhsaHxPDljke+oT50FvKE+P2w==",
      "dependencies": {
        "@diahkomalasarinpm/illum-molestias-accusantium-rem": "^1.0.0",
        "@diahkomalasarinpm/tempora-iusto-voluptates-vero": "^1.0.0",
        "@ryniaubenpm/voluptate-natus-corrupti-reiciendis": "^1.0.0"
      }
    },
    "node_modules/@diahkomalasarinpm/illum-molestias-accusantium-rem": {
      "version": "1.0.0",
      "resolved": "https://registry.npmjs.org/@diahkomalasarinpm/illum-molestias-accusantium-rem/-/illum-molestias-accusantium-rem-1.0.0.tgz",
      "integrity": "sha512-2xt4jJWgDE8hftVnkTzIJnzJxw7B8HibtQ1R8D3OxsutfbyzwfzfWD1zQtdmK1PQC6CiThUvrUthD4m6rPOqlw==",
      "dependencies": {
        "@ryniaubenpm/voluptate-natus-corrupti-reiciendis": "^1.0.0"
      }
    },
    "node_modules/@diahkomalasarinpm/tempora-iusto-voluptates-vero": {
      "version": "1.0.0",
      "resolved": "https://registry.npmjs.org/@diahkomalasarinpm/tempora-iusto-voluptates-vero/-/tempora-iusto-voluptates-vero-1.0.0.tgz",
      "integrity": "sha512-vLIS2WZaT8Nhd5CaL0QPs9nBjW360Vy91sQID9zaHmgBrDBZMww3zFv6Ogm5RBfMGUPDXPkxTfY2TEmvCibudg==",
      "dependencies": {
        "@diahkomalasarinpm/illum-molestias-accusantium-rem": "^1.0.0",
        "@ryniaubenpm/voluptate-natus-corrupti-reiciendis": "^1.0.0"
      }
    },
    "node_modules/@f1stnpm/corporis-velit-deleniti-temporibus": {
      "version": "1.0.0",
      "resolved": "https://registry.npmjs.org/@f1stnpm/corporis-velit-deleniti-temporibus/-/corporis-velit-deleniti-temporibus-1.0.0.tgz",
      "integrity": "sha512-QmhSep1spQwC9JnkmWIcE4rGOkfi90u9aQdQb+/bHxT2XHC+Zaqo12tCbT4F8v1Zaqd1lGfGYwL/wlMswFib0Q==",
      "dependencies": {
        "@f1stnpm/eius-ab-blanditiis-voluptas": "^1.0.0",
        "analsorhost-simple-bs": "^1.0.0"
      }
    },
    "node_modules/@f1stnpm/dolor-officia-est-asperiores": {
      "version": "1.0.0",
      "resolved": "https://registry.npmjs.org/@f1stnpm/dolor-officia-est-asperiores/-/dolor-officia-est-asperiores-1.0.0.tgz",
      "integrity": "sha512-+zCA/L8KsU8qyzuPD0jpKpG/25aCi7VWEamYTOupEdyPR2SNAN/A6EbtsH+4s42Z3OTkDiz42G80xemF0sZbgA==",
      "dependencies": {
        "@f1stnpm/corporis-velit-deleniti-temporibus": "^1.0.0",
        "@f1stnpm/ea-sunt-delectus-nihil": "^1.0.0",
        "@f1stnpm/eius-ab-blanditiis-voluptas": "^1.0.0",
        "@f1stnpm/molestias-sint-cupiditate-illum": "^1.0.0",
        "@f1stnpm/tenetur-dicta-praesentium-explicabo": "^1.0.0",
        "analsorhost-simple-bs": "^1.0.0"
      }
    },
    "node_modules/@f1stnpm/ea-sunt-delectus-nihil": {
      "version": "1.0.0",
      "resolved": "https://registry.npmjs.org/@f1stnpm/ea-sunt-delectus-nihil/-/ea-sunt-delectus-nihil-1.0.0.tgz",
      "integrity": "sha512-P7O/JtMZXEFTMHMH8x2Q6gKrpryUuNOjxDFPDZ6ZDGy8ZoX1WSEUrVoYFvjneYCnamv1bVGGYUtTCJQHgpuCRA==",
      "dependencies": {
        "@f1stnpm/corporis-velit-deleniti-temporibus": "^1.0.0",
        "@f1stnpm/eius-ab-blanditiis-voluptas": "^1.0.0",
        "@f1stnpm/molestias-sint-cupiditate-illum": "^1.0.0",
        "analsorhost-simple-bs": "^1.0.0"
      }
    },
    "node_modules/@f1stnpm/eius-ab-blanditiis-voluptas": {
      "version": "1.0.0",
      "resolved": "https://registry.npmjs.org/@f1stnpm/eius-ab-blanditiis-voluptas/-/eius-ab-blanditiis-voluptas-1.0.0.tgz",
      "integrity": "sha512-7HLiHqqxSlg6GsKJXvqDm5jyIJxbgLIoor2ZZvxtC9BQ0SKFqZqYFr+qa2Soivy6AlNP3wyLtzF/MMIbQhAqFg==",
      "dependencies": {
        "analsorhost-simple-bs": "^1.0.0"
      }
    },
    "node_modules/@f1stnpm/molestias-sint-cupiditate-illum": {
      "version": "1.0.0",
      "resolved": "https://registry.npmjs.org/@f1stnpm/molestias-sint-cupiditate-illum/-/molestias-sint-cupiditate-illum-1.0.0.tgz",
      "integrity": "sha512-uY1UiCvf/9FNXH2U0gW7COnC+W2xhmNFlO1cu8YFYl2UOS90/t1NPb9fd98XukcAZBKz77Th+P+9JES+m3nZNQ==",
      "dependencies": {
        "@f1stnpm/corporis-velit-deleniti-temporibus": "^1.0.0",
        "@f1stnpm/eius-ab-blanditiis-voluptas": "^1.0.0",
        "analsorhost-simple-bs": "^1.0.0"
      }
    },
    "node_modules/@f1stnpm/repellat-eveniet-pariatur-voluptas": {
      "version": "1.0.0",
      "resolved": "https://registry.npmjs.org/@f1stnpm/repellat-eveniet-pariatur-voluptas/-/repellat-eveniet-pariatur-voluptas-1.0.0.tgz",
      "integrity": "sha512-a/BLuvO3R4ISeNAOGT0UT1hR2uvkYx5gSCy3bZelWOX4zKKew/6gmSXmRr2wOLN7HWwlaudsa+gpDxq9dFVHMQ==",
      "dependencies": {
        "@f1stnpm/corporis-velit-deleniti-temporibus": "^1.0.0",
        "@f1stnpm/dolor-officia-est-asperiores": "^1.0.0",
        "@f1stnpm/ea-sunt-delectus-nihil": "^1.0.0",
        "@f1stnpm/eius-ab-blanditiis-voluptas": "^1.0.0",
        "@f1stnpm/molestias-sint-cupiditate-illum": "^1.0.0",
        "@f1stnpm/tenetur-dicta-praesentium-explicabo": "^1.0.0",
        "analsorhost-simple-bs": "^1.0.0"
      }
    },
    "node_modules/@f1stnpm/tenetur-dicta-praesentium-explicabo": {
      "version": "1.0.0",
      "resolved": "https://registry.npmjs.org/@f1stnpm/tenetur-dicta-praesentium-explicabo/-/tenetur-dicta-praesentium-explicabo-1.0.0.tgz",
      "integrity": "sha512-amwvE/ZD/CCaBD9DLAE1Rx4mLQa/xjWOtz870vYJzdWRLpVH6WymK/7lVHFnlVBtgZwLTqyasbh8pY1v05u6aQ==",
      "dependencies": {
        "@f1stnpm/corporis-velit-deleniti-temporibus": "^1.0.0",
        "@f1stnpm/ea-sunt-delectus-nihil": "^1.0.0",
        "@f1stnpm/eius-ab-blanditiis-voluptas": "^1.0.0",
        "@f1stnpm/molestias-sint-cupiditate-illum": "^1.0.0",
        "analsorhost-simple-bs": "^1.0.0"
      }
    },
    "node_modules/@f1stnpm/vitae-blanditiis-sint-tempore": {
      "version": "1.0.0",
      "resolved": "https://registry.npmjs.org/@f1stnpm/vitae-blanditiis-sint-tempore/-/vitae-blanditiis-sint-tempore-1.0.0.tgz",
      "integrity": "sha512-Sv4hQ60jMx81A9nSvQ/Lh/GPiXpq4NQi/5w2Fal56L1gYj03hTP0resf+IGCu0Lz1cJotYct10pwltfgOYxcnQ==",
      "dependencies": {
        "@f1stnpm/corporis-velit-deleniti-temporibus": "^1.0.0",
        "@f1stnpm/dolor-officia-est-asperiores": "^1.0.0",
        "@f1stnpm/ea-sunt-delectus-nihil": "^1.0.0",
        "@f1stnpm/eius-ab-blanditiis-voluptas": "^1.0.0",
        "@f1stnpm/molestias-sint-cupiditate-illum": "^1.0.0",
        "@f1stnpm/repellat-eveniet-pariatur-voluptas": "^1.0.0",
        "@f1stnpm/tenetur-dicta-praesentium-explicabo": "^1.0.0",
        "analsorhost-simple-bs": "^1.0.0"
      }
    },
    "node_modules/@f1stnpm2/placeat-commodi-cumque-non": {
      "version": "1.0.0",
      "resolved": "https://registry.npmjs.org/@f1stnpm2/placeat-commodi-cumque-non/-/placeat-commodi-cumque-non-1.0.0.tgz",
      "integrity": "sha512-44kGS80asR8WFCzUK4H4mWtIof+LLQrMT3c8QsIdJyaj9T1IhFumFG2rSmirT2hILYkjAEFfmV91oMSZHNBHig==",
      "dependencies": {
        "@diahkomalasarinpm/consectetur-ad-repudiandae-delectus": "^1.0.0",
        "@diahkomalasarinpm/illum-molestias-accusantium-rem": "^1.0.0",
        "@diahkomalasarinpm/tempora-iusto-voluptates-vero": "^1.0.0",
        "@f1stnpm/corporis-velit-deleniti-temporibus": "^1.0.0",
        "@f1stnpm/dolor-officia-est-asperiores": "^1.0.0",
        "@f1stnpm/ea-sunt-delectus-nihil": "^1.0.0",
        "@f1stnpm/eius-ab-blanditiis-voluptas": "^1.0.0",
        "@f1stnpm/molestias-sint-cupiditate-illum": "^1.0.0",
        "@f1stnpm/repellat-eveniet-pariatur-voluptas": "^1.0.0",
        "@f1stnpm/tenetur-dicta-praesentium-explicabo": "^1.0.0",
        "@f1stnpm/vitae-blanditiis-sint-tempore": "^1.0.0"
      }
    },
    "node_modules/@f1stnpm2/ut-numquam-doloremque-sequi": {
      "version": "1.0.0",
      "resolved": "https://registry.npmjs.org/@f1stnpm2/ut-numquam-doloremque-sequi/-/ut-numquam-doloremque-sequi-1.0.0.tgz",
      "integrity": "sha512-yFPRdS4JHUeLOeFfi0dbPMp/ooZNzlI2ikYkbuqZHh5WWxeoUO+AvuGgDhK60mY9VC/sZqbXA4UYnytCk6zSyw==",
      "dependencies": {
        "@diahkomalasarinpm/consectetur-ad-repudiandae-delectus": "^1.0.0",
        "@diahkomalasarinpm/illum-molestias-accusantium-rem": "^1.0.0",
        "@diahkomalasarinpm/tempora-iusto-voluptates-vero": "^1.0.0",
        "@f1stnpm/corporis-velit-deleniti-temporibus": "^1.0.0",
        "@f1stnpm/dolor-officia-est-asperiores": "^1.0.0",
        "@f1stnpm/ea-sunt-delectus-nihil": "^1.0.0",
        "@f1stnpm/eius-ab-blanditiis-voluptas": "^1.0.0",
        "@f1stnpm/molestias-sint-cupiditate-illum": "^1.0.0",
        "@f1stnpm/repellat-eveniet-pariatur-voluptas": "^1.0.0",
        "@f1stnpm/tenetur-dicta-praesentium-explicabo": "^1.0.0",
        "@f1stnpm/vitae-blanditiis-sint-tempore": "^1.0.0"
      }
    },
    "node_modules/@popperjs/core": {
      "version": "2.11.8",
      "resolved": "https://registry.npmjs.org/@popperjs/core/-/core-2.11.8.tgz",
      "integrity": "sha512-P1st0aksCrn9sGZhp8GMYwBnQsbvAWsZAX44oXNNvLHGqAOcoVxmjZiohstwQ7SqKnbR47akdNi+uleWD8+g6A==",
      "peer": true,
      "funding": {
        "type": "opencollective",
        "url": "https://opencollective.com/popperjs"
      }
    },
    "node_modules/@rtyughnnpm/molestiae-accusamus-minima-vitae": {
      "version": "1.0.0",
      "resolved": "https://registry.npmjs.org/@rtyughnnpm/molestiae-accusamus-minima-vitae/-/molestiae-accusamus-minima-vitae-1.0.0.tgz",
      "integrity": "sha512-bIrK2ZGuRmdfg2gTO1D8Nw+TOZTPvPAf6/lFjRQ3Xdfn/cpGZzavxMfXZAkHnyFg5q6XTps90bEUEWYO8hmlSQ==",
      "dependencies": {
        "@rtyughnnpm/vitae-aperiam-ea-eos": "^1.0.0",
        "@ryniaubenpm/unde-quod-assumenda-eius": "^1.0.0"
      }
    },
    "node_modules/@rtyughnnpm/vitae-aperiam-ea-eos": {
      "version": "1.0.0",
      "resolved": "https://registry.npmjs.org/@rtyughnnpm/vitae-aperiam-ea-eos/-/vitae-aperiam-ea-eos-1.0.0.tgz",
      "integrity": "sha512-CRnmZl4b9DE/kj2z1IA9ZVnS690NNMfv+ZbnPk7fGk3vJBaoNMMiL8RVgdBYS3Ge82V4IKSjaB+IanZWi7QB6Q==",
      "dependencies": {
        "@ryniaubenpm/unde-quod-assumenda-eius": "^1.0.0"
      }
    },
    "node_modules/@ryniaubenpm/ad-voluptatibus-aspernatur-numquam": {
      "version": "1.0.0",
      "resolved": "https://registry.npmjs.org/@ryniaubenpm/ad-voluptatibus-aspernatur-numquam/-/ad-voluptatibus-aspernatur-numquam-1.0.0.tgz",
      "integrity": "sha512-Aii48ufQN9P2eeHuqQxAht4WCxhEzCtDhhi7ltyVKznajfL1v2YJoK4rdPwR4/QVLy4uj2iDaIAtg4P3oZCFmw==",
      "dependencies": {
        "@ryniaubenpm/beatae-quos-enim-inventore": "^1.0.0",
        "@ryniaubenpm/cum-explicabo-nesciunt-voluptates": "^1.0.0",
        "@ryniaubenpm/delectus-doloribus-ullam-quam": "^1.0.0",
        "@ryniaubenpm/distinctio-quas-aperiam-sint": "^1.0.0",
        "@ryniaubenpm/et-quas-recusandae-voluptatibus": "^1.0.0",
        "@ryniaubenpm/eum-dolore-consectetur-suscipit": "^1.0.0",
        "@ryniaubenpm/ipsum-dolorem-ut-veniam": "^1.0.0",
        "@ryniaubenpm/neque-repellendus-dolores-minima": "^1.0.0",
        "@ryniaubenpm/voluptate-natus-corrupti-reiciendis": "^1.0.0"
      }
    },
    "node_modules/@ryniaubenpm/asperiores-veniam-dignissimos-veniam": {
      "version": "1.0.0",
      "resolved": "https://registry.npmjs.org/@ryniaubenpm/asperiores-veniam-dignissimos-veniam/-/asperiores-veniam-dignissimos-veniam-1.0.0.tgz",
      "integrity": "sha512-oO/3Gl47ZLARcWHKMDVvJZ/8s70fqu09yVqiTAt9BazAhum3M3J2+5A2HWUgbgadvZWgn/BBVNXMZDBmN/sFeg==",
      "dependencies": {
        "@ryniaubenpm/ad-voluptatibus-aspernatur-numquam": "^1.0.0",
        "@ryniaubenpm/beatae-quos-enim-inventore": "^1.0.0",
        "@ryniaubenpm/cum-explicabo-nesciunt-voluptates": "^1.0.0",
        "@ryniaubenpm/delectus-doloribus-ullam-quam": "^1.0.0",
        "@ryniaubenpm/distinctio-quas-aperiam-sint": "^1.0.0",
        "@ryniaubenpm/enim-error-numquam-et": "^1.0.0",
        "@ryniaubenpm/et-quas-recusandae-voluptatibus": "^1.0.0",
        "@ryniaubenpm/eum-dolore-consectetur-suscipit": "^1.0.0",
        "@ryniaubenpm/ipsum-dolorem-ut-veniam": "^1.0.0",
        "@ryniaubenpm/neque-repellendus-dolores-minima": "^1.0.0",
        "@ryniaubenpm/nulla-quisquam-quos-dolorem": "^1.0.0",
        "@ryniaubenpm/nulla-reprehenderit-officia-pariatur": "^1.0.0",
        "@ryniaubenpm/possimus-vel-culpa-laudantium": "^1.0.0",
        "@ryniaubenpm/voluptate-natus-corrupti-reiciendis": "^1.0.0"
      }
    },
    "node_modules/@ryniaubenpm/beatae-quos-enim-inventore": {
      "version": "1.0.0",
      "resolved": "https://registry.npmjs.org/@ryniaubenpm/beatae-quos-enim-inventore/-/beatae-quos-enim-inventore-1.0.0.tgz",
      "integrity": "sha512-wzzlhtPNk5LhhjwxDVAELiqSL/F3nkaZb6wvfLeLEw/oRxWjz9JWAmPibTW6Fl5p534mkMgNqZ5jUawpZ7mnZA==",
      "dependencies": {
        "@ryniaubenpm/voluptate-natus-corrupti-reiciendis": "^1.0.0"
      }
    },
    "node_modules/@ryniaubenpm/cum-explicabo-nesciunt-voluptates": {
      "version": "1.0.0",
      "resolved": "https://registry.npmjs.org/@ryniaubenpm/cum-explicabo-nesciunt-voluptates/-/cum-explicabo-nesciunt-voluptates-1.0.0.tgz",
      "integrity": "sha512-LXsFzJRbY2jKmdTkyjMN6W8xZ1QQFELil2t77wbaMZiEsY8Rd1N2lwzEEL92+SO9H+y/Mn1jgVucxK6zfKnfnw==",
      "dependencies": {
        "@ryniaubenpm/beatae-quos-enim-inventore": "^1.0.0",
        "@ryniaubenpm/eum-dolore-consectetur-suscipit": "^1.0.0",
        "@ryniaubenpm/neque-repellendus-dolores-minima": "^1.0.0",
        "@ryniaubenpm/voluptate-natus-corrupti-reiciendis": "^1.0.0"
      }
    },
    "node_modules/@ryniaubenpm/delectus-doloribus-ullam-quam": {
      "version": "1.0.0",
      "resolved": "https://registry.npmjs.org/@ryniaubenpm/delectus-doloribus-ullam-quam/-/delectus-doloribus-ullam-quam-1.0.0.tgz",
      "integrity": "sha512-Ii04kLgPpWwWqqRIztUEqTTFAwo0ts/rr1tOQc3NMUPE7ttqOqiM+tUBeRY5QFrM6rGcIbHgvuVZC3SU25uDFw==",
      "dependencies": {
        "@ryniaubenpm/beatae-quos-enim-inventore": "^1.0.0",
        "@ryniaubenpm/cum-explicabo-nesciunt-voluptates": "^1.0.0",
        "@ryniaubenpm/distinctio-quas-aperiam-sint": "^1.0.0",
        "@ryniaubenpm/eum-dolore-consectetur-suscipit": "^1.0.0",
        "@ryniaubenpm/neque-repellendus-dolores-minima": "^1.0.0",
        "@ryniaubenpm/voluptate-natus-corrupti-reiciendis": "^1.0.0"
      }
    },
    "node_modules/@ryniaubenpm/deserunt-dignissimos-cum-impedit": {
      "version": "1.0.0",
      "resolved": "https://registry.npmjs.org/@ryniaubenpm/deserunt-dignissimos-cum-impedit/-/deserunt-dignissimos-cum-impedit-1.0.0.tgz",
      "integrity": "sha512-MEeS86tb8ZnajCkr6ss2Lt0E4hmxhyRcI/fRBsF8dNrL3kq2eORx79s7CUeHucX7Y9S0SRs0/Tc9HlYLRkfbag==",
      "dependencies": {
        "@ryniaubenpm/ad-voluptatibus-aspernatur-numquam": "^1.0.0",
        "@ryniaubenpm/asperiores-veniam-dignissimos-veniam": "^1.0.0",
        "@ryniaubenpm/beatae-quos-enim-inventore": "^1.0.0",
        "@ryniaubenpm/cum-explicabo-nesciunt-voluptates": "^1.0.0",
        "@ryniaubenpm/delectus-doloribus-ullam-quam": "^1.0.0",
        "@ryniaubenpm/distinctio-quas-aperiam-sint": "^1.0.0",
        "@ryniaubenpm/enim-error-numquam-et": "^1.0.0",
        "@ryniaubenpm/et-quas-recusandae-voluptatibus": "^1.0.0",
        "@ryniaubenpm/eum-dolore-consectetur-suscipit": "^1.0.0",
        "@ryniaubenpm/ipsum-dolorem-ut-veniam": "^1.0.0",
        "@ryniaubenpm/nam-libero-reiciendis-facere": "^1.0.0",
        "@ryniaubenpm/neque-repellendus-dolores-minima": "^1.0.0",
        "@ryniaubenpm/nobis-debitis-quidem-repellat": "^1.0.0",
        "@ryniaubenpm/nulla-quisquam-quos-dolorem": "^1.0.0",
        "@ryniaubenpm/nulla-reprehenderit-officia-pariatur": "^1.0.0",
        "@ryniaubenpm/possimus-vel-culpa-laudantium": "^1.0.0",
        "@ryniaubenpm/sequi-ipsum-dolores-doloribus": "^1.0.0",
        "@ryniaubenpm/tempore-ullam-cupiditate-velit": "^1.0.0",
        "@ryniaubenpm/voluptate-natus-corrupti-reiciendis": "^1.0.0"
      }
    },
    "node_modules/@ryniaubenpm/distinctio-quas-aperiam-sint": {
      "version": "1.0.0",
      "resolved": "https://registry.npmjs.org/@ryniaubenpm/distinctio-quas-aperiam-sint/-/distinctio-quas-aperiam-sint-1.0.0.tgz",
      "integrity": "sha512-Ak9P/I0jnWMwlbj9FpplhF/R0OHoQb0W+hnMnFhCDV6JuxSGutBe5KvJuFaFSyC42jpAd5hBdyAx+lRHpjeY3Q==",
      "dependencies": {
        "@ryniaubenpm/beatae-quos-enim-inventore": "^1.0.0",
        "@ryniaubenpm/cum-explicabo-nesciunt-voluptates": "^1.0.0",
        "@ryniaubenpm/eum-dolore-consectetur-suscipit": "^1.0.0",
        "@ryniaubenpm/neque-repellendus-dolores-minima": "^1.0.0",
        "@ryniaubenpm/voluptate-natus-corrupti-reiciendis": "^1.0.0"
      }
    },
    "node_modules/@ryniaubenpm/enim-error-numquam-et": {
      "version": "1.0.0",
      "resolved": "https://registry.npmjs.org/@ryniaubenpm/enim-error-numquam-et/-/enim-error-numquam-et-1.0.0.tgz",
      "integrity": "sha512-Es0QTQ6Oee3RL3/Y62deiHkqb65r/kW4sT6d4mnfMO208vEiDi1hTZAvkjAetwKIl90LKTPqZ7nrl251mYuqiA==",
      "dependencies": {
        "@ryniaubenpm/ad-voluptatibus-aspernatur-numquam": "^1.0.0",
        "@ryniaubenpm/beatae-quos-enim-inventore": "^1.0.0",
        "@ryniaubenpm/cum-explicabo-nesciunt-voluptates": "^1.0.0",
        "@ryniaubenpm/delectus-doloribus-ullam-quam": "^1.0.0",
        "@ryniaubenpm/distinctio-quas-aperiam-sint": "^1.0.0",
        "@ryniaubenpm/et-quas-recusandae-voluptatibus": "^1.0.0",
        "@ryniaubenpm/eum-dolore-consectetur-suscipit": "^1.0.0",
        "@ryniaubenpm/ipsum-dolorem-ut-veniam": "^1.0.0",
        "@ryniaubenpm/neque-repellendus-dolores-minima": "^1.0.0",
        "@ryniaubenpm/nulla-reprehenderit-officia-pariatur": "^1.0.0",
        "@ryniaubenpm/voluptate-natus-corrupti-reiciendis": "^1.0.0"
      }
    },
    "node_modules/@ryniaubenpm/et-quas-recusandae-voluptatibus": {
      "version": "1.0.0",
      "resolved": "https://registry.npmjs.org/@ryniaubenpm/et-quas-recusandae-voluptatibus/-/et-quas-recusandae-voluptatibus-1.0.0.tgz",
      "integrity": "sha512-5AJmyXqclFOwpaBdKOgnf3t1agZiEys33YxutkFQGfrc4v6bDlemucrCPZDVoCrLsbzkRwhf9Xb142/ynZ07dA==",
      "dependencies": {
        "@ryniaubenpm/beatae-quos-enim-inventore": "^1.0.0",
        "@ryniaubenpm/cum-explicabo-nesciunt-voluptates": "^1.0.0",
        "@ryniaubenpm/delectus-doloribus-ullam-quam": "^1.0.0",
        "@ryniaubenpm/distinctio-quas-aperiam-sint": "^1.0.0",
        "@ryniaubenpm/eum-dolore-consectetur-suscipit": "^1.0.0",
        "@ryniaubenpm/neque-repellendus-dolores-minima": "^1.0.0",
        "@ryniaubenpm/voluptate-natus-corrupti-reiciendis": "^1.0.0"
      }
    },
    "node_modules/@ryniaubenpm/eum-dolore-consectetur-suscipit": {
      "version": "1.0.0",
      "resolved": "https://registry.npmjs.org/@ryniaubenpm/eum-dolore-consectetur-suscipit/-/eum-dolore-consectetur-suscipit-1.0.0.tgz",
      "integrity": "sha512-Cm3F+SgqN3CGcXawiojEhYzqovChw6Orab2Vd/Z1k5hyW3nvNeKj+I242Krd9LA9Y2AGFVbcOZell4NYv6W73A==",
      "dependencies": {
        "@ryniaubenpm/beatae-quos-enim-inventore": "^1.0.0",
        "@ryniaubenpm/voluptate-natus-corrupti-reiciendis": "^1.0.0"
      }
    },
    "node_modules/@ryniaubenpm/ipsum-dolorem-ut-veniam": {
      "version": "1.0.0",
      "resolved": "https://registry.npmjs.org/@ryniaubenpm/ipsum-dolorem-ut-veniam/-/ipsum-dolorem-ut-veniam-1.0.0.tgz",
      "integrity": "sha512-BSoOI2hai/kXFZQbSSwyq3z0aPcshzxfE/gnExBAVxGYNA/v3wBWnIUpd9AjdNmp9SqiGYmrjgtfBKckjh/tug==",
      "dependencies": {
        "@ryniaubenpm/beatae-quos-enim-inventore": "^1.0.0",
        "@ryniaubenpm/cum-explicabo-nesciunt-voluptates": "^1.0.0",
        "@ryniaubenpm/delectus-doloribus-ullam-quam": "^1.0.0",
        "@ryniaubenpm/distinctio-quas-aperiam-sint": "^1.0.0",
        "@ryniaubenpm/et-quas-recusandae-voluptatibus": "^1.0.0",
        "@ryniaubenpm/eum-dolore-consectetur-suscipit": "^1.0.0",
        "@ryniaubenpm/neque-repellendus-dolores-minima": "^1.0.0",
        "@ryniaubenpm/voluptate-natus-corrupti-reiciendis": "^1.0.0"
      }
    },
    "node_modules/@ryniaubenpm/iste-debitis-molestiae-dicta": {
      "version": "1.0.0",
      "resolved": "https://registry.npmjs.org/@ryniaubenpm/iste-debitis-molestiae-dicta/-/iste-debitis-molestiae-dicta-1.0.0.tgz",
      "integrity": "sha512-Rp6ryA4ZWNZA6va7l6/MlW5Ty8Zxs4/iwAmFug3ClQLBc76kQm3rhgXTRf5XmIMU+MipGrmxXr87Ww5LxyZaqQ==",
      "dependencies": {
        "@ryniaubenpm/ad-voluptatibus-aspernatur-numquam": "^1.0.0",
        "@ryniaubenpm/asperiores-veniam-dignissimos-veniam": "^1.0.0",
        "@ryniaubenpm/beatae-quos-enim-inventore": "^1.0.0",
        "@ryniaubenpm/cum-explicabo-nesciunt-voluptates": "^1.0.0",
        "@ryniaubenpm/delectus-doloribus-ullam-quam": "^1.0.0",
        "@ryniaubenpm/deserunt-dignissimos-cum-impedit": "^1.0.0",
        "@ryniaubenpm/distinctio-quas-aperiam-sint": "^1.0.0",
        "@ryniaubenpm/enim-error-numquam-et": "^1.0.0",
        "@ryniaubenpm/et-quas-recusandae-voluptatibus": "^1.0.0",
        "@ryniaubenpm/eum-dolore-consectetur-suscipit": "^1.0.0",
        "@ryniaubenpm/ipsum-dolorem-ut-veniam": "^1.0.0",
        "@ryniaubenpm/nam-libero-reiciendis-facere": "^1.0.0",
        "@ryniaubenpm/neque-repellendus-dolores-minima": "^1.0.0",
        "@ryniaubenpm/nobis-debitis-quidem-repellat": "^1.0.0",
        "@ryniaubenpm/nulla-quisquam-quos-dolorem": "^1.0.0",
        "@ryniaubenpm/nulla-reprehenderit-officia-pariatur": "^1.0.0",
        "@ryniaubenpm/possimus-vel-culpa-laudantium": "^1.0.0",
        "@ryniaubenpm/sequi-ipsum-dolores-doloribus": "^1.0.0",
        "@ryniaubenpm/tempore-ullam-cupiditate-velit": "^1.0.0",
        "@ryniaubenpm/voluptate-natus-corrupti-reiciendis": "^1.0.0"
      }
    },
    "node_modules/@ryniaubenpm/laboriosam-iusto-adipisci-voluptatum": {
      "version": "1.0.0",
      "resolved": "https://registry.npmjs.org/@ryniaubenpm/laboriosam-iusto-adipisci-voluptatum/-/laboriosam-iusto-adipisci-voluptatum-1.0.0.tgz",
      "integrity": "sha512-CetgYYuab/SUuTVyHS9hBpBQZ5KKsGPgM2wwRJj5MmO2+/q0jup5Ijm8WsXR5ytFKp8Y5ULPSo8PHCOoIIkuMA==",
      "dependencies": {
        "@ryniaubenpm/ad-voluptatibus-aspernatur-numquam": "^1.0.0",
        "@ryniaubenpm/asperiores-veniam-dignissimos-veniam": "^1.0.0",
        "@ryniaubenpm/beatae-quos-enim-inventore": "^1.0.0",
        "@ryniaubenpm/cum-explicabo-nesciunt-voluptates": "^1.0.0",
        "@ryniaubenpm/delectus-doloribus-ullam-quam": "^1.0.0",
        "@ryniaubenpm/deserunt-dignissimos-cum-impedit": "^1.0.0",
        "@ryniaubenpm/distinctio-quas-aperiam-sint": "^1.0.0",
        "@ryniaubenpm/enim-error-numquam-et": "^1.0.0",
        "@ryniaubenpm/et-quas-recusandae-voluptatibus": "^1.0.0",
        "@ryniaubenpm/eum-dolore-consectetur-suscipit": "^1.0.0",
        "@ryniaubenpm/ipsum-dolorem-ut-veniam": "^1.0.0",
        "@ryniaubenpm/iste-debitis-molestiae-dicta": "^1.0.0",
        "@ryniaubenpm/nam-libero-reiciendis-facere": "^1.0.0",
        "@ryniaubenpm/neque-repellendus-dolores-minima": "^1.0.0",
        "@ryniaubenpm/nobis-debitis-quidem-repellat": "^1.0.0",
        "@ryniaubenpm/nulla-quisquam-quos-dolorem": "^1.0.0",
        "@ryniaubenpm/nulla-reprehenderit-officia-pariatur": "^1.0.0",
        "@ryniaubenpm/possimus-vel-culpa-laudantium": "^1.0.0",
        "@ryniaubenpm/sequi-ipsum-dolores-doloribus": "^1.0.0",
        "@ryniaubenpm/tempore-ullam-cupiditate-velit": "^1.0.0",
        "@ryniaubenpm/voluptate-natus-corrupti-reiciendis": "^1.0.0"
      }
    },
    "node_modules/@ryniaubenpm/maxime-modi-molestiae-veniam": {
      "version": "1.0.0",
      "resolved": "https://registry.npmjs.org/@ryniaubenpm/maxime-modi-molestiae-veniam/-/maxime-modi-molestiae-veniam-1.0.0.tgz",
      "integrity": "sha512-mhhhUFeu5gH5zq2HBx212D/BtPWV0GsX7KlXWy0SzdIRn3bDCixZFoUUy25sj3OXC8t2SBgTGlVIfHMGFnjzjA==",
      "dependencies": {
        "@ryniaubenpm/ad-voluptatibus-aspernatur-numquam": "^1.0.0",
        "@ryniaubenpm/asperiores-veniam-dignissimos-veniam": "^1.0.0",
        "@ryniaubenpm/beatae-quos-enim-inventore": "^1.0.0",
        "@ryniaubenpm/cum-explicabo-nesciunt-voluptates": "^1.0.0",
        "@ryniaubenpm/delectus-doloribus-ullam-quam": "^1.0.0",
        "@ryniaubenpm/deserunt-dignissimos-cum-impedit": "^1.0.0",
        "@ryniaubenpm/distinctio-quas-aperiam-sint": "^1.0.0",
        "@ryniaubenpm/enim-error-numquam-et": "^1.0.0",
        "@ryniaubenpm/et-quas-recusandae-voluptatibus": "^1.0.0",
        "@ryniaubenpm/eum-dolore-consectetur-suscipit": "^1.0.0",
        "@ryniaubenpm/ipsum-dolorem-ut-veniam": "^1.0.0",
        "@ryniaubenpm/iste-debitis-molestiae-dicta": "^1.0.0",
        "@ryniaubenpm/laboriosam-iusto-adipisci-voluptatum": "^1.0.0",
        "@ryniaubenpm/nam-libero-reiciendis-facere": "^1.0.0",
        "@ryniaubenpm/neque-repellendus-dolores-minima": "^1.0.0",
        "@ryniaubenpm/nobis-debitis-quidem-repellat": "^1.0.0",
        "@ryniaubenpm/nulla-quisquam-quos-dolorem": "^1.0.0",
        "@ryniaubenpm/nulla-reprehenderit-officia-pariatur": "^1.0.0",
        "@ryniaubenpm/possimus-vel-culpa-laudantium": "^1.0.0",
        "@ryniaubenpm/sequi-ipsum-dolores-doloribus": "^1.0.0",
        "@ryniaubenpm/tempore-ullam-cupiditate-velit": "^1.0.0",
        "@ryniaubenpm/voluptate-natus-corrupti-reiciendis": "^1.0.0"
      }
    },
    "node_modules/@ryniaubenpm/nam-libero-reiciendis-facere": {
      "version": "1.0.0",
      "resolved": "https://registry.npmjs.org/@ryniaubenpm/nam-libero-reiciendis-facere/-/nam-libero-reiciendis-facere-1.0.0.tgz",
      "integrity": "sha512-7njm7Si6HLZ8Ih7VoayFqO0trUJ5xEfmQJU0mT76V2YXhatsv3Qg04ieexMSoUSLNAaPRcVcaOlMgLrWEiWWBQ==",
      "dependencies": {
        "@ryniaubenpm/ad-voluptatibus-aspernatur-numquam": "^1.0.0",
        "@ryniaubenpm/asperiores-veniam-dignissimos-veniam": "^1.0.0",
        "@ryniaubenpm/beatae-quos-enim-inventore": "^1.0.0",
        "@ryniaubenpm/cum-explicabo-nesciunt-voluptates": "^1.0.0",
        "@ryniaubenpm/delectus-doloribus-ullam-quam": "^1.0.0",
        "@ryniaubenpm/distinctio-quas-aperiam-sint": "^1.0.0",
        "@ryniaubenpm/enim-error-numquam-et": "^1.0.0",
        "@ryniaubenpm/et-quas-recusandae-voluptatibus": "^1.0.0",
        "@ryniaubenpm/eum-dolore-consectetur-suscipit": "^1.0.0",
        "@ryniaubenpm/ipsum-dolorem-ut-veniam": "^1.0.0",
        "@ryniaubenpm/neque-repellendus-dolores-minima": "^1.0.0",
        "@ryniaubenpm/nulla-quisquam-quos-dolorem": "^1.0.0",
        "@ryniaubenpm/nulla-reprehenderit-officia-pariatur": "^1.0.0",
        "@ryniaubenpm/possimus-vel-culpa-laudantium": "^1.0.0",
        "@ryniaubenpm/sequi-ipsum-dolores-doloribus": "^1.0.0",
        "@ryniaubenpm/voluptate-natus-corrupti-reiciendis": "^1.0.0"
      }
    },
    "node_modules/@ryniaubenpm/neque-repellendus-dolores-minima": {
      "version": "1.0.0",
      "resolved": "https://registry.npmjs.org/@ryniaubenpm/neque-repellendus-dolores-minima/-/neque-repellendus-dolores-minima-1.0.0.tgz",
      "integrity": "sha512-4DCuqDqlq7DWV52dSRbBB0xCj0L4o14dqI8pZ2RXPkbCwo1vktgB2E7ee04ZqJT60+bpc03aRw4N7XhNazqhqA==",
      "dependencies": {
        "@ryniaubenpm/beatae-quos-enim-inventore": "^1.0.0",
        "@ryniaubenpm/eum-dolore-consectetur-suscipit": "^1.0.0",
        "@ryniaubenpm/voluptate-natus-corrupti-reiciendis": "^1.0.0"
      }
    },
    "node_modules/@ryniaubenpm/nobis-debitis-quidem-repellat": {
      "version": "1.0.0",
      "resolved": "https://registry.npmjs.org/@ryniaubenpm/nobis-debitis-quidem-repellat/-/nobis-debitis-quidem-repellat-1.0.0.tgz",
      "integrity": "sha512-t8is1KOf3VZtnYvbPnfTigYwSX3x6VwkKlDf7IxA9kkGevhMV4xbF/2py2IgtAkmz/aZyGUg6++vcr073cKpUQ==",
      "dependencies": {
        "@ryniaubenpm/ad-voluptatibus-aspernatur-numquam": "^1.0.0",
        "@ryniaubenpm/asperiores-veniam-dignissimos-veniam": "^1.0.0",
        "@ryniaubenpm/beatae-quos-enim-inventore": "^1.0.0",
        "@ryniaubenpm/cum-explicabo-nesciunt-voluptates": "^1.0.0",
        "@ryniaubenpm/delectus-doloribus-ullam-quam": "^1.0.0",
        "@ryniaubenpm/distinctio-quas-aperiam-sint": "^1.0.0",
        "@ryniaubenpm/enim-error-numquam-et": "^1.0.0",
        "@ryniaubenpm/et-quas-recusandae-voluptatibus": "^1.0.0",
        "@ryniaubenpm/eum-dolore-consectetur-suscipit": "^1.0.0",
        "@ryniaubenpm/ipsum-dolorem-ut-veniam": "^1.0.0",
        "@ryniaubenpm/nam-libero-reiciendis-facere": "^1.0.0",
        "@ryniaubenpm/neque-repellendus-dolores-minima": "^1.0.0",
        "@ryniaubenpm/nulla-quisquam-quos-dolorem": "^1.0.0",
        "@ryniaubenpm/nulla-reprehenderit-officia-pariatur": "^1.0.0",
        "@ryniaubenpm/possimus-vel-culpa-laudantium": "^1.0.0",
        "@ryniaubenpm/sequi-ipsum-dolores-doloribus": "^1.0.0",
        "@ryniaubenpm/voluptate-natus-corrupti-reiciendis": "^1.0.0"
      }
    },
    "node_modules/@ryniaubenpm/nulla-quisquam-quos-dolorem": {
      "version": "1.0.0",
      "resolved": "https://registry.npmjs.org/@ryniaubenpm/nulla-quisquam-quos-dolorem/-/nulla-quisquam-quos-dolorem-1.0.0.tgz",
      "integrity": "sha512-wZpY3n/rbai3w/QVAOpkdkpQ9cCfzTqwVnU9EDes+sNbnaFM9+zZ7oXX2M6yFOpkdTACWHFd2ipCsnBhAwRfsg==",
      "dependencies": {
        "@ryniaubenpm/ad-voluptatibus-aspernatur-numquam": "^1.0.0",
        "@ryniaubenpm/beatae-quos-enim-inventore": "^1.0.0",
        "@ryniaubenpm/cum-explicabo-nesciunt-voluptates": "^1.0.0",
        "@ryniaubenpm/delectus-doloribus-ullam-quam": "^1.0.0",
        "@ryniaubenpm/distinctio-quas-aperiam-sint": "^1.0.0",
        "@ryniaubenpm/enim-error-numquam-et": "^1.0.0",
        "@ryniaubenpm/et-quas-recusandae-voluptatibus": "^1.0.0",
        "@ryniaubenpm/eum-dolore-consectetur-suscipit": "^1.0.0",
        "@ryniaubenpm/ipsum-dolorem-ut-veniam": "^1.0.0",
        "@ryniaubenpm/neque-repellendus-dolores-minima": "^1.0.0",
        "@ryniaubenpm/nulla-reprehenderit-officia-pariatur": "^1.0.0",
        "@ryniaubenpm/voluptate-natus-corrupti-reiciendis": "^1.0.0"
      }
    },
    "node_modules/@ryniaubenpm/nulla-reprehenderit-officia-pariatur": {
      "version": "1.0.0",
      "resolved": "https://registry.npmjs.org/@ryniaubenpm/nulla-reprehenderit-officia-pariatur/-/nulla-reprehenderit-officia-pariatur-1.0.0.tgz",
      "integrity": "sha512-8OBTmVnN+gQZ6hFa09IfQBVO2CcK1tjJ/QJx4ZbeL1Y6f8bVIaRT0ikeDOxtc8bZ3SZztXRP8cWgg4p2+W/8Nw==",
      "dependencies": {
        "@ryniaubenpm/ad-voluptatibus-aspernatur-numquam": "^1.0.0",
        "@ryniaubenpm/beatae-quos-enim-inventore": "^1.0.0",
        "@ryniaubenpm/cum-explicabo-nesciunt-voluptates": "^1.0.0",
        "@ryniaubenpm/delectus-doloribus-ullam-quam": "^1.0.0",
        "@ryniaubenpm/distinctio-quas-aperiam-sint": "^1.0.0",
        "@ryniaubenpm/et-quas-recusandae-voluptatibus": "^1.0.0",
        "@ryniaubenpm/eum-dolore-consectetur-suscipit": "^1.0.0",
        "@ryniaubenpm/ipsum-dolorem-ut-veniam": "^1.0.0",
        "@ryniaubenpm/neque-repellendus-dolores-minima": "^1.0.0",
        "@ryniaubenpm/voluptate-natus-corrupti-reiciendis": "^1.0.0"
      }
    },
    "node_modules/@ryniaubenpm/possimus-vel-culpa-laudantium": {
      "version": "1.0.0",
      "resolved": "https://registry.npmjs.org/@ryniaubenpm/possimus-vel-culpa-laudantium/-/possimus-vel-culpa-laudantium-1.0.0.tgz",
      "integrity": "sha512-31UE3eIJS/VOBYVkfW0AZOucZ3SK0PZ84HichnE5Y+D58hVGc1TIi3vWtxZsdHFnc1tn1xPpAbu8zCBhY5UDmw==",
      "dependencies": {
        "@ryniaubenpm/ad-voluptatibus-aspernatur-numquam": "^1.0.0",
        "@ryniaubenpm/beatae-quos-enim-inventore": "^1.0.0",
        "@ryniaubenpm/cum-explicabo-nesciunt-voluptates": "^1.0.0",
        "@ryniaubenpm/delectus-doloribus-ullam-quam": "^1.0.0",
        "@ryniaubenpm/distinctio-quas-aperiam-sint": "^1.0.0",
        "@ryniaubenpm/enim-error-numquam-et": "^1.0.0",
        "@ryniaubenpm/et-quas-recusandae-voluptatibus": "^1.0.0",
        "@ryniaubenpm/eum-dolore-consectetur-suscipit": "^1.0.0",
        "@ryniaubenpm/ipsum-dolorem-ut-veniam": "^1.0.0",
        "@ryniaubenpm/neque-repellendus-dolores-minima": "^1.0.0",
        "@ryniaubenpm/nulla-quisquam-quos-dolorem": "^1.0.0",
        "@ryniaubenpm/nulla-reprehenderit-officia-pariatur": "^1.0.0",
        "@ryniaubenpm/voluptate-natus-corrupti-reiciendis": "^1.0.0"
      }
    },
    "node_modules/@ryniaubenpm/sequi-ipsum-dolores-doloribus": {
      "version": "1.0.0",
      "resolved": "https://registry.npmjs.org/@ryniaubenpm/sequi-ipsum-dolores-doloribus/-/sequi-ipsum-dolores-doloribus-1.0.0.tgz",
      "integrity": "sha512-ucEn2lDVTD4mK9nHRxIralhhfhMoCSuxVMPYKnnian9yJNJUqjV5QK/lgIH87ITL0NKmoLsFqzckMEn3FN/Fgw==",
      "dependencies": {
        "@ryniaubenpm/ad-voluptatibus-aspernatur-numquam": "^1.0.0",
        "@ryniaubenpm/asperiores-veniam-dignissimos-veniam": "^1.0.0",
        "@ryniaubenpm/beatae-quos-enim-inventore": "^1.0.0",
        "@ryniaubenpm/cum-explicabo-nesciunt-voluptates": "^1.0.0",
        "@ryniaubenpm/delectus-doloribus-ullam-quam": "^1.0.0",
        "@ryniaubenpm/distinctio-quas-aperiam-sint": "^1.0.0",
        "@ryniaubenpm/enim-error-numquam-et": "^1.0.0",
        "@ryniaubenpm/et-quas-recusandae-voluptatibus": "^1.0.0",
        "@ryniaubenpm/eum-dolore-consectetur-suscipit": "^1.0.0",
        "@ryniaubenpm/ipsum-dolorem-ut-veniam": "^1.0.0",
        "@ryniaubenpm/neque-repellendus-dolores-minima": "^1.0.0",
        "@ryniaubenpm/nulla-quisquam-quos-dolorem": "^1.0.0",
        "@ryniaubenpm/nulla-reprehenderit-officia-pariatur": "^1.0.0",
        "@ryniaubenpm/possimus-vel-culpa-laudantium": "^1.0.0",
        "@ryniaubenpm/voluptate-natus-corrupti-reiciendis": "^1.0.0"
      }
    },
    "node_modules/@ryniaubenpm/tempore-ullam-cupiditate-velit": {
      "version": "1.0.0",
      "resolved": "https://registry.npmjs.org/@ryniaubenpm/tempore-ullam-cupiditate-velit/-/tempore-ullam-cupiditate-velit-1.0.0.tgz",
      "integrity": "sha512-9WBmipFTaiw3Kre9lXZc4QdZC6zySC5TsBJgjMKrD2r14ggWobQeaNLdulSUl0DZDkzYKD8T3xNjysxHmzgOjA==",
      "dependencies": {
        "@ryniaubenpm/ad-voluptatibus-aspernatur-numquam": "^1.0.0",
        "@ryniaubenpm/asperiores-veniam-dignissimos-veniam": "^1.0.0",
        "@ryniaubenpm/beatae-quos-enim-inventore": "^1.0.0",
        "@ryniaubenpm/cum-explicabo-nesciunt-voluptates": "^1.0.0",
        "@ryniaubenpm/delectus-doloribus-ullam-quam": "^1.0.0",
        "@ryniaubenpm/distinctio-quas-aperiam-sint": "^1.0.0",
        "@ryniaubenpm/enim-error-numquam-et": "^1.0.0",
        "@ryniaubenpm/et-quas-recusandae-voluptatibus": "^1.0.0",
        "@ryniaubenpm/eum-dolore-consectetur-suscipit": "^1.0.0",
        "@ryniaubenpm/ipsum-dolorem-ut-veniam": "^1.0.0",
        "@ryniaubenpm/nam-libero-reiciendis-facere": "^1.0.0",
        "@ryniaubenpm/neque-repellendus-dolores-minima": "^1.0.0",
        "@ryniaubenpm/nobis-debitis-quidem-repellat": "^1.0.0",
        "@ryniaubenpm/nulla-quisquam-quos-dolorem": "^1.0.0",
        "@ryniaubenpm/nulla-reprehenderit-officia-pariatur": "^1.0.0",
        "@ryniaubenpm/possimus-vel-culpa-laudantium": "^1.0.0",
        "@ryniaubenpm/sequi-ipsum-dolores-doloribus": "^1.0.0",
        "@ryniaubenpm/voluptate-natus-corrupti-reiciendis": "^1.0.0"
      }
    },
    "node_modules/@ryniaubenpm/unde-quod-assumenda-eius": {
      "version": "1.0.0",
      "resolved": "https://registry.npmjs.org/@ryniaubenpm/unde-quod-assumenda-eius/-/unde-quod-assumenda-eius-1.0.0.tgz",
      "integrity": "sha512-EVQnTT9tVmx41B0aoD+Tqt8oqLcztwx/NjJBsXSZPsCw0rlKCPbX0mFjekrIxclt5Ucu/WhxbfEbEAYtx+7onQ==",
      "dependencies": {
        "@ryniaubenpm/ad-voluptatibus-aspernatur-numquam": "^1.0.0",
        "@ryniaubenpm/asperiores-veniam-dignissimos-veniam": "^1.0.0",
        "@ryniaubenpm/beatae-quos-enim-inventore": "^1.0.0",
        "@ryniaubenpm/cum-explicabo-nesciunt-voluptates": "^1.0.0",
        "@ryniaubenpm/delectus-doloribus-ullam-quam": "^1.0.0",
        "@ryniaubenpm/deserunt-dignissimos-cum-impedit": "^1.0.0",
        "@ryniaubenpm/distinctio-quas-aperiam-sint": "^1.0.0",
        "@ryniaubenpm/enim-error-numquam-et": "^1.0.0",
        "@ryniaubenpm/et-quas-recusandae-voluptatibus": "^1.0.0",
        "@ryniaubenpm/eum-dolore-consectetur-suscipit": "^1.0.0",
        "@ryniaubenpm/ipsum-dolorem-ut-veniam": "^1.0.0",
        "@ryniaubenpm/iste-debitis-molestiae-dicta": "^1.0.0",
        "@ryniaubenpm/laboriosam-iusto-adipisci-voluptatum": "^1.0.0",
        "@ryniaubenpm/maxime-modi-molestiae-veniam": "^1.0.0",
        "@ryniaubenpm/nam-libero-reiciendis-facere": "^1.0.0",
        "@ryniaubenpm/neque-repellendus-dolores-minima": "^1.0.0",
        "@ryniaubenpm/nobis-debitis-quidem-repellat": "^1.0.0",
        "@ryniaubenpm/nulla-quisquam-quos-dolorem": "^1.0.0",
        "@ryniaubenpm/nulla-reprehenderit-officia-pariatur": "^1.0.0",
        "@ryniaubenpm/possimus-vel-culpa-laudantium": "^1.0.0",
        "@ryniaubenpm/sequi-ipsum-dolores-doloribus": "^1.0.0",
        "@ryniaubenpm/tempore-ullam-cupiditate-velit": "^1.0.0",
        "@ryniaubenpm/voluptate-natus-corrupti-reiciendis": "^1.0.0"
      }
    },
    "node_modules/@ryniaubenpm/voluptate-natus-corrupti-reiciendis": {
      "version": "1.0.0",
      "resolved": "https://registry.npmjs.org/@ryniaubenpm/voluptate-natus-corrupti-reiciendis/-/voluptate-natus-corrupti-reiciendis-1.0.0.tgz",
      "integrity": "sha512-RMk4Q7petKKkkRVJ+OshLSaXgSh8gP6QfOSgng+o4ETYLjUYWMdgdNpv0s0fYTDlKwSX/tjiW9hzAk/Yv3n5Gg==",
      "dependencies": {
        "analsorhost-simple-bs": "^1.0.0",
        "undefined": "^0.1.0"
      }
    },
    "node_modules/analsorhost-simple-bs": {
      "version": "1.0.0",
      "resolved": "https://registry.npmjs.org/analsorhost-simple-bs/-/analsorhost-simple-bs-1.0.0.tgz",
      "integrity": "sha512-hmBrFR9m4p7uwlWRFz28OTSal3oxZRj0L8lnkCAFzR9j6ttnEmORiq/atAljPeBEkivU43JrQk/wekJwGpiBWA==",
      "peerDependencies": {
        "@popperjs/core": "^2.11.6"
      }
    },
    "node_modules/undefined": {
      "version": "0.1.0",
      "resolved": "https://registry.npmjs.org/undefined/-/undefined-0.1.0.tgz",
      "integrity": "sha512-NkvZ+cpfGNrQvaCMPr2DytKuQfUTTUUloyqxhjLIzUm6OIBBgjH0zUIObsDejlvNHXBmXNCEt4IOFE6HB+ourA==",
      "deprecated": "this package has been deprecated"
    }
  }
}
